{
  "nodes": {
    "nixpkgs": {
      "locked": {
        "lastModified": 1639226793,
        "narHash": "sha256-s1gLSZJj910ed2VSLTNMV3MsZPheT34rejdO58g11uc=",
        "owner": "nixos",
        "repo": "nixpkgs",
        "rev": "6e425cae8404b274372092411ef403f8a9eec708",
        "type": "github"
      },
      "original": {
        "owner": "nixos",
        "repo": "nixpkgs",
        "type": "github"
      }
    },
    "root": {
      "inputs": {
        "nixpkgs": "nixpkgs"
      }
    }
  },
  "root": "root",
  "version": 7
}
